
Microsoft Visual Studio Solution File, Format Version 12.00
# Visual Studio Version 17
VisualStudioVersion = 17.8.34316.72
MinimumVisualStudioVersion = 10.0.40219.1
Project("{FAE04EC0-301F-11D3-BF4B-00C04F79EFBC}") = "type-conversions", "type-conversions.csproj", "{F2C1F922-9138-4422-A536-F880DE236805}"
EndProject
Global
	GlobalSection(SolutionConfigurationPlatforms) = preSolution
		Debug|Any CPU = Debug|Any CPU
		Release|Any CPU = Release|Any CPU
	EndGlobalSection
	GlobalSection(ProjectConfigurationPlatforms) = postSolution
		{F2C1F922-9138-4422-A536-F880DE236805}.Debug|Any CPU.ActiveCfg = Debug|Any CPU
		{F2C1F922-9138-4422-A536-F880DE236805}.Debug|Any CPU.Build.0 = Debug|Any CPU
		{F2C1F922-9138-4422-A536-F880DE236805}.Release|Any CPU.ActiveCfg = Release|Any CPU
		{F2C1F922-9138-4422-A536-F880DE236805}.Release|Any CPU.Build.0 = Release|Any CPU
	EndGlobalSection
	GlobalSection(SolutionProperties) = preSolution
		HideSolutionNode = FALSE
	EndGlobalSection
	GlobalSection(ExtensibilityGlobals) = postSolution
		SolutionGuid = {B8816F24-8C64-48D7-91AB-CDFF8DF7FBB7}
	EndGlobalSection
EndGlobal
