
Microsoft Visual Studio Solution File, Format Version 12.00
# Visual Studio Version 17
VisualStudioVersion = 17.8.34316.72
MinimumVisualStudioVersion = 10.0.40219.1
Project("{FAE04EC0-301F-11D3-BF4B-00C04F79EFBC}") = "while-foreach-loops", "while-foreach-loops.csproj", "{091BE2CA-D11D-490A-BF2F-F011A9C6563E}"
EndProject
Global
	GlobalSection(SolutionConfigurationPlatforms) = preSolution
		Debug|Any CPU = Debug|Any CPU
		Release|Any CPU = Release|Any CPU
	EndGlobalSection
	GlobalSection(ProjectConfigurationPlatforms) = postSolution
		{091BE2CA-D11D-490A-BF2F-F011A9C6563E}.Debug|Any CPU.ActiveCfg = Debug|Any CPU
		{091BE2CA-D11D-490A-BF2F-F011A9C6563E}.Debug|Any CPU.Build.0 = Debug|Any CPU
		{091BE2CA-D11D-490A-BF2F-F011A9C6563E}.Release|Any CPU.ActiveCfg = Release|Any CPU
		{091BE2CA-D11D-490A-BF2F-F011A9C6563E}.Release|Any CPU.Build.0 = Release|Any CPU
	EndGlobalSection
	GlobalSection(SolutionProperties) = preSolution
		HideSolutionNode = FALSE
	EndGlobalSection
	GlobalSection(ExtensibilityGlobals) = postSolution
		SolutionGuid = {880B188F-35F3-4FF1-83EC-5CB3964C6862}
	EndGlobalSection
EndGlobal
