
Microsoft Visual Studio Solution File, Format Version 12.00
# Visual Studio Version 17
VisualStudioVersion = 17.8.34316.72
MinimumVisualStudioVersion = 10.0.40219.1
Project("{FAE04EC0-301F-11D3-BF4B-00C04F79EFBC}") = "operators", "operators.csproj", "{235AF127-E489-4FF0-8C69-A845292D71F2}"
EndProject
Global
	GlobalSection(SolutionConfigurationPlatforms) = preSolution
		Debug|Any CPU = Debug|Any CPU
		Release|Any CPU = Release|Any CPU
	EndGlobalSection
	GlobalSection(ProjectConfigurationPlatforms) = postSolution
		{235AF127-E489-4FF0-8C69-A845292D71F2}.Debug|Any CPU.ActiveCfg = Debug|Any CPU
		{235AF127-E489-4FF0-8C69-A845292D71F2}.Debug|Any CPU.Build.0 = Debug|Any CPU
		{235AF127-E489-4FF0-8C69-A845292D71F2}.Release|Any CPU.ActiveCfg = Release|Any CPU
		{235AF127-E489-4FF0-8C69-A845292D71F2}.Release|Any CPU.Build.0 = Release|Any CPU
	EndGlobalSection
	GlobalSection(SolutionProperties) = preSolution
		HideSolutionNode = FALSE
	EndGlobalSection
	GlobalSection(ExtensibilityGlobals) = postSolution
		SolutionGuid = {6F73A29E-A43F-4CCD-ACAC-D193E421D718}
	EndGlobalSection
EndGlobal
