
Microsoft Visual Studio Solution File, Format Version 12.00
# Visual Studio Version 17
VisualStudioVersion = 17.8.34322.80
MinimumVisualStudioVersion = 10.0.40219.1
Project("{FAE04EC0-301F-11D3-BF4B-00C04F79EFBC}") = "datetime-math", "datetime-math.csproj", "{CC003658-9975-443D-8305-2C9E3DC8AE43}"
EndProject
Global
	GlobalSection(SolutionConfigurationPlatforms) = preSolution
		Debug|Any CPU = Debug|Any CPU
		Release|Any CPU = Release|Any CPU
	EndGlobalSection
	GlobalSection(ProjectConfigurationPlatforms) = postSolution
		{CC003658-9975-443D-8305-2C9E3DC8AE43}.Debug|Any CPU.ActiveCfg = Debug|Any CPU
		{CC003658-9975-443D-8305-2C9E3DC8AE43}.Debug|Any CPU.Build.0 = Debug|Any CPU
		{CC003658-9975-443D-8305-2C9E3DC8AE43}.Release|Any CPU.ActiveCfg = Release|Any CPU
		{CC003658-9975-443D-8305-2C9E3DC8AE43}.Release|Any CPU.Build.0 = Release|Any CPU
	EndGlobalSection
	GlobalSection(SolutionProperties) = preSolution
		HideSolutionNode = FALSE
	EndGlobalSection
	GlobalSection(ExtensibilityGlobals) = postSolution
		SolutionGuid = {260FFDC0-795E-4C77-872E-982AA1624261}
	EndGlobalSection
EndGlobal
