
Microsoft Visual Studio Solution File, Format Version 12.00
# Visual Studio Version 17
VisualStudioVersion = 17.8.34322.80
MinimumVisualStudioVersion = 10.0.40219.1
Project("{FAE04EC0-301F-11D3-BF4B-00C04F79EFBC}") = "generic-collections", "generic-collections.csproj", "{591F37BA-A830-4BE7-A4D2-2051EB741112}"
EndProject
Global
	GlobalSection(SolutionConfigurationPlatforms) = preSolution
		Debug|Any CPU = Debug|Any CPU
		Release|Any CPU = Release|Any CPU
	EndGlobalSection
	GlobalSection(ProjectConfigurationPlatforms) = postSolution
		{591F37BA-A830-4BE7-A4D2-2051EB741112}.Debug|Any CPU.ActiveCfg = Debug|Any CPU
		{591F37BA-A830-4BE7-A4D2-2051EB741112}.Debug|Any CPU.Build.0 = Debug|Any CPU
		{591F37BA-A830-4BE7-A4D2-2051EB741112}.Release|Any CPU.ActiveCfg = Release|Any CPU
		{591F37BA-A830-4BE7-A4D2-2051EB741112}.Release|Any CPU.Build.0 = Release|Any CPU
	EndGlobalSection
	GlobalSection(SolutionProperties) = preSolution
		HideSolutionNode = FALSE
	EndGlobalSection
	GlobalSection(ExtensibilityGlobals) = postSolution
		SolutionGuid = {86B82F97-BBFD-43D3-A7AE-1F1719AA1728}
	EndGlobalSection
EndGlobal
